
Microsoft Visual Studio Solution File, Format Version 12.00
# Visual Studio Version 17
VisualStudioVersion = 17.7.34221.43
MinimumVisualStudioVersion = 10.0.40219.1
Project("{FAE04EC0-301F-11D3-BF4B-00C04F79EFBC}") = "CS_Word_Application", "CS_Word_Application\CS_Word_Application.csproj", "{6C3AE4EB-6E13-494F-AC41-65A651114AD4}"
EndProject
Global
	GlobalSection(SolutionConfigurationPlatforms) = preSolution
		Debug|Any CPU = Debug|Any CPU
		Release|Any CPU = Release|Any CPU
	EndGlobalSection
	GlobalSection(ProjectConfigurationPlatforms) = postSolution
		{6C3AE4EB-6E13-494F-AC41-65A651114AD4}.Debug|Any CPU.ActiveCfg = Debug|Any CPU
		{6C3AE4EB-6E13-494F-AC41-65A651114AD4}.Debug|Any CPU.Build.0 = Debug|Any CPU
		{6C3AE4EB-6E13-494F-AC41-65A651114AD4}.Release|Any CPU.ActiveCfg = Release|Any CPU
		{6C3AE4EB-6E13-494F-AC41-65A651114AD4}.Release|Any CPU.Build.0 = Release|Any CPU
	EndGlobalSection
	GlobalSection(SolutionProperties) = preSolution
		HideSolutionNode = FALSE
	EndGlobalSection
	GlobalSection(ExtensibilityGlobals) = postSolution
		SolutionGuid = {690E2677-67BF-401C-B16E-C7D58E942540}
	EndGlobalSection
EndGlobal
